-r requirements-base.lock
# ONNX Runtime 1.23 uses the mature CUDA 12 + cuDNN 9 ABI. The NVIDIA
# redistributable wheels are bundled so end users only need a current driver.
onnxruntime-gpu==1.23.2
nvidia-cuda-nvrtc-cu12==12.9.86
nvidia-cuda-runtime-cu12==12.9.79
nvidia-cublas-cu12==12.9.2.10
nvidia-cufft-cu12==11.4.1.4
nvidia-curand-cu12==10.3.10.19
nvidia-cudnn-cu12==9.26.0.51
nvidia-nvjitlink-cu12==12.9.86
onnx==1.22.0
onnxconverter-common==1.16.0
absl-py==2.5.0
charset-normalizer==3.5.1
contourpy==1.4.0
cycler==0.12.1
flatbuffers==25.12.19
fonttools==4.65.0
imageio==2.37.4
kiwisolver==1.5.1
lazy-loader==0.5
matplotlib==3.11.2
ml-dtypes==0.6.0
networkx==3.6.1
protobuf==7.36.2
pyparsing==3.3.2
python-dateutil==2.9.0.post0
requests==2.34.2
scikit-image==0.26.0
six==1.17.0
tifffile==2026.9.15
tqdm==4.70.1
urllib3==2.8.0
